
Microsoft Visual Studio Solution File, Format Version 12.00
# Visual Studio 2012
Project("{8BC9CEB8-8B4A-11D0-8D11-00A0C91BC942}") = "basketball_league", "basketball_leadue\basketball_leadue.vcxproj", "{CAB8F47C-671F-42FD-B342-4EA42577EF97}"
EndProject
Project("{8BC9CEB8-8B4A-11D0-8D11-00A0C91BC942}") = "studentManager", "..\alon-home-work\alon-home-work\alon-home-work.vcxproj", "{0F180E6A-61FD-45BF-ABFF-95F02F6F3739}"
EndProject
Global
	GlobalSection(SolutionConfigurationPlatforms) = preSolution
		Debug|Win32 = Debug|Win32
		Release|Win32 = Release|Win32
	EndGlobalSection
	GlobalSection(ProjectConfigurationPlatforms) = postSolution
		{CAB8F47C-671F-42FD-B342-4EA42577EF97}.Debug|Win32.ActiveCfg = Debug|Win32
		{CAB8F47C-671F-42FD-B342-4EA42577EF97}.Debug|Win32.Build.0 = Debug|Win32
		{CAB8F47C-671F-42FD-B342-4EA42577EF97}.Release|Win32.ActiveCfg = Release|Win32
		{CAB8F47C-671F-42FD-B342-4EA42577EF97}.Release|Win32.Build.0 = Release|Win32
		{0F180E6A-61FD-45BF-ABFF-95F02F6F3739}.Debug|Win32.ActiveCfg = Debug|Win32
		{0F180E6A-61FD-45BF-ABFF-95F02F6F3739}.Debug|Win32.Build.0 = Debug|Win32
		{0F180E6A-61FD-45BF-ABFF-95F02F6F3739}.Release|Win32.ActiveCfg = Release|Win32
		{0F180E6A-61FD-45BF-ABFF-95F02F6F3739}.Release|Win32.Build.0 = Release|Win32
	EndGlobalSection
	GlobalSection(SolutionProperties) = preSolution
		HideSolutionNode = FALSE
	EndGlobalSection
EndGlobal
